
Microsoft Visual Studio Solution File, Format Version 12.00
# Visual Studio 15
VisualStudioVersion = 15.0.26124.0
MinimumVisualStudioVersion = 15.0.26124.0
Project("{2150E333-8FDC-42A3-9474-1A3956D46DE8}") = "src", "src", "{530E1C35-DCEA-4F12-B363-E62C2554D61E}"
	ProjectSection(SolutionItems) = preProject
		src\.gitignore = src\.gitignore
	EndProjectSection
EndProject
Project("{FAE04EC0-301F-11D3-BF4B-00C04F79EFBC}") = "identityserver", "src\identityserver\identityserver.csproj", "{F470F142-9BE6-4F58-ABBA-0688AADBA3DA}"
EndProject
Project("{FAE04EC0-301F-11D3-BF4B-00C04F79EFBC}") = "api", "src\api\api.csproj", "{3E00B0EE-1CE0-4F74-B125-502DEC26F8A3}"
EndProject
Project("{FAE04EC0-301F-11D3-BF4B-00C04F79EFBC}") = "JavaScriptClient", "src\JavaScriptClient\JavaScriptClient.csproj", "{CA7A2F4F-14EE-4411-AF58-C2CF9D63AA52}"
EndProject
Project("{FAE04EC0-301F-11D3-BF4B-00C04F79EFBC}") = "api.Tests", "src\api.Tests\api.Tests.csproj", "{1C38915D-3D9C-4BF7-9C0F-B4568DE45493}"
EndProject
Project("{2150E333-8FDC-42A3-9474-1A3956D46DE8}") = "Solution Items", "Solution Items", "{B24A6206-EA06-441C-811C-7C329851C4AA}"
EndProject
Global
	GlobalSection(SolutionConfigurationPlatforms) = preSolution
		Debug|Any CPU = Debug|Any CPU
		Debug|x64 = Debug|x64
		Debug|x86 = Debug|x86
		Release|Any CPU = Release|Any CPU
		Release|x64 = Release|x64
		Release|x86 = Release|x86
	EndGlobalSection
	GlobalSection(SolutionProperties) = preSolution
		HideSolutionNode = FALSE
	EndGlobalSection
	GlobalSection(ProjectConfigurationPlatforms) = postSolution
		{F470F142-9BE6-4F58-ABBA-0688AADBA3DA}.Debug|Any CPU.ActiveCfg = Debug|Any CPU
		{F470F142-9BE6-4F58-ABBA-0688AADBA3DA}.Debug|Any CPU.Build.0 = Debug|Any CPU
		{F470F142-9BE6-4F58-ABBA-0688AADBA3DA}.Debug|x64.ActiveCfg = Debug|Any CPU
		{F470F142-9BE6-4F58-ABBA-0688AADBA3DA}.Debug|x64.Build.0 = Debug|Any CPU
		{F470F142-9BE6-4F58-ABBA-0688AADBA3DA}.Debug|x86.ActiveCfg = Debug|Any CPU
		{F470F142-9BE6-4F58-ABBA-0688AADBA3DA}.Debug|x86.Build.0 = Debug|Any CPU
		{F470F142-9BE6-4F58-ABBA-0688AADBA3DA}.Release|Any CPU.ActiveCfg = Release|Any CPU
		{F470F142-9BE6-4F58-ABBA-0688AADBA3DA}.Release|Any CPU.Build.0 = Release|Any CPU
		{F470F142-9BE6-4F58-ABBA-0688AADBA3DA}.Release|x64.ActiveCfg = Release|Any CPU
		{F470F142-9BE6-4F58-ABBA-0688AADBA3DA}.Release|x64.Build.0 = Release|Any CPU
		{F470F142-9BE6-4F58-ABBA-0688AADBA3DA}.Release|x86.ActiveCfg = Release|Any CPU
		{F470F142-9BE6-4F58-ABBA-0688AADBA3DA}.Release|x86.Build.0 = Release|Any CPU
		{3E00B0EE-1CE0-4F74-B125-502DEC26F8A3}.Debug|Any CPU.ActiveCfg = Debug|Any CPU
		{3E00B0EE-1CE0-4F74-B125-502DEC26F8A3}.Debug|Any CPU.Build.0 = Debug|Any CPU
		{3E00B0EE-1CE0-4F74-B125-502DEC26F8A3}.Debug|x64.ActiveCfg = Debug|Any CPU
		{3E00B0EE-1CE0-4F74-B125-502DEC26F8A3}.Debug|x64.Build.0 = Debug|Any CPU
		{3E00B0EE-1CE0-4F74-B125-502DEC26F8A3}.Debug|x86.ActiveCfg = Debug|Any CPU
		{3E00B0EE-1CE0-4F74-B125-502DEC26F8A3}.Debug|x86.Build.0 = Debug|Any CPU
		{3E00B0EE-1CE0-4F74-B125-502DEC26F8A3}.Release|Any CPU.ActiveCfg = Release|Any CPU
		{3E00B0EE-1CE0-4F74-B125-502DEC26F8A3}.Release|Any CPU.Build.0 = Release|Any CPU
		{3E00B0EE-1CE0-4F74-B125-502DEC26F8A3}.Release|x64.ActiveCfg = Release|Any CPU
		{3E00B0EE-1CE0-4F74-B125-502DEC26F8A3}.Release|x64.Build.0 = Release|Any CPU
		{3E00B0EE-1CE0-4F74-B125-502DEC26F8A3}.Release|x86.ActiveCfg = Release|Any CPU
		{3E00B0EE-1CE0-4F74-B125-502DEC26F8A3}.Release|x86.Build.0 = Release|Any CPU
		{CA7A2F4F-14EE-4411-AF58-C2CF9D63AA52}.Debug|Any CPU.ActiveCfg = Debug|Any CPU
		{CA7A2F4F-14EE-4411-AF58-C2CF9D63AA52}.Debug|Any CPU.Build.0 = Debug|Any CPU
		{CA7A2F4F-14EE-4411-AF58-C2CF9D63AA52}.Debug|x64.ActiveCfg = Debug|Any CPU
		{CA7A2F4F-14EE-4411-AF58-C2CF9D63AA52}.Debug|x64.Build.0 = Debug|Any CPU
		{CA7A2F4F-14EE-4411-AF58-C2CF9D63AA52}.Debug|x86.ActiveCfg = Debug|Any CPU
		{CA7A2F4F-14EE-4411-AF58-C2CF9D63AA52}.Debug|x86.Build.0 = Debug|Any CPU
		{CA7A2F4F-14EE-4411-AF58-C2CF9D63AA52}.Release|Any CPU.ActiveCfg = Release|Any CPU
		{CA7A2F4F-14EE-4411-AF58-C2CF9D63AA52}.Release|Any CPU.Build.0 = Release|Any CPU
		{CA7A2F4F-14EE-4411-AF58-C2CF9D63AA52}.Release|x64.ActiveCfg = Release|Any CPU
		{CA7A2F4F-14EE-4411-AF58-C2CF9D63AA52}.Release|x64.Build.0 = Release|Any CPU
		{CA7A2F4F-14EE-4411-AF58-C2CF9D63AA52}.Release|x86.ActiveCfg = Release|Any CPU
		{CA7A2F4F-14EE-4411-AF58-C2CF9D63AA52}.Release|x86.Build.0 = Release|Any CPU
		{1C38915D-3D9C-4BF7-9C0F-B4568DE45493}.Debug|Any CPU.ActiveCfg = Debug|Any CPU
		{1C38915D-3D9C-4BF7-9C0F-B4568DE45493}.Debug|Any CPU.Build.0 = Debug|Any CPU
		{1C38915D-3D9C-4BF7-9C0F-B4568DE45493}.Debug|x64.ActiveCfg = Debug|Any CPU
		{1C38915D-3D9C-4BF7-9C0F-B4568DE45493}.Debug|x64.Build.0 = Debug|Any CPU
		{1C38915D-3D9C-4BF7-9C0F-B4568DE45493}.Debug|x86.ActiveCfg = Debug|Any CPU
		{1C38915D-3D9C-4BF7-9C0F-B4568DE45493}.Debug|x86.Build.0 = Debug|Any CPU
		{1C38915D-3D9C-4BF7-9C0F-B4568DE45493}.Release|Any CPU.ActiveCfg = Release|Any CPU
		{1C38915D-3D9C-4BF7-9C0F-B4568DE45493}.Release|Any CPU.Build.0 = Release|Any CPU
		{1C38915D-3D9C-4BF7-9C0F-B4568DE45493}.Release|x64.ActiveCfg = Release|Any CPU
		{1C38915D-3D9C-4BF7-9C0F-B4568DE45493}.Release|x64.Build.0 = Release|Any CPU
		{1C38915D-3D9C-4BF7-9C0F-B4568DE45493}.Release|x86.ActiveCfg = Release|Any CPU
		{1C38915D-3D9C-4BF7-9C0F-B4568DE45493}.Release|x86.Build.0 = Release|Any CPU
	EndGlobalSection
	GlobalSection(NestedProjects) = preSolution
		{F470F142-9BE6-4F58-ABBA-0688AADBA3DA} = {530E1C35-DCEA-4F12-B363-E62C2554D61E}
		{3E00B0EE-1CE0-4F74-B125-502DEC26F8A3} = {530E1C35-DCEA-4F12-B363-E62C2554D61E}
		{CA7A2F4F-14EE-4411-AF58-C2CF9D63AA52} = {530E1C35-DCEA-4F12-B363-E62C2554D61E}
		{1C38915D-3D9C-4BF7-9C0F-B4568DE45493} = {530E1C35-DCEA-4F12-B363-E62C2554D61E}
	EndGlobalSection
EndGlobal
